// !$*UTF8*$!
{
	archiveVersion = 1;
	classes = {
	};
	objectVersion = 55;
	objects = {

/* Begin PBXBuildFile section */
		1F4090C028B6566A003D6125 /* Day+TIme.swift in Sources */ = {isa = PBXBuildFile; fileRef = 1F4090BF28B6566A003D6125 /* Day+TIme.swift */; };
		1F4090C328B76005003D6125 /* ReminderListViewController+DataSource.swift in Sources */ = {isa = PBXBuildFile; fileRef = 1F4090C228B76005003D6125 /* ReminderListViewController+DataSource.swift */; };
		1F4090C728B8FDE8003D6125 /* ReminderListViewController+Actions.swift in Sources */ = {isa = PBXBuildFile; fileRef = 1F4090C628B8FDE8003D6125 /* ReminderListViewController+Actions.swift */; };
		1F4090C928BCC495003D6125 /* ReminderDoneButton.swift in Sources */ = {isa = PBXBuildFile; fileRef = 1F4090C828BCC495003D6125 /* ReminderDoneButton.swift */; };
		1F4090CC28BE094E003D6125 /* ReminderViewController.swift in Sources */ = {isa = PBXBuildFile; fileRef = 1F4090CB28BE094E003D6125 /* ReminderViewController.swift */; };
		1F4090CE28BE0FE7003D6125 /* ReminderViewController+Row.swift in Sources */ = {isa = PBXBuildFile; fileRef = 1F4090CD28BE0FE7003D6125 /* ReminderViewController+Row.swift */; };
		1F4090D028BF64AE003D6125 /* ReminderViewController+Section.swift in Sources */ = {isa = PBXBuildFile; fileRef = 1F4090CF28BF64AE003D6125 /* ReminderViewController+Section.swift */; };
		1F4090D228C09589003D6125 /* ReminderViewController+CellConfiguration.swift in Sources */ = {isa = PBXBuildFile; fileRef = 1F4090D128C09589003D6125 /* ReminderViewController+CellConfiguration.swift */; };
		1F4090D528C0AE53003D6125 /* UIKIT+PinnedSubview.swift in Sources */ = {isa = PBXBuildFile; fileRef = 1F4090D428C0AE53003D6125 /* UIKIT+PinnedSubview.swift */; };
		1F4090D728C0B168003D6125 /* TextFieldContentView.swift in Sources */ = {isa = PBXBuildFile; fileRef = 1F4090D628C0B168003D6125 /* TextFieldContentView.swift */; };
		1F7CB9FD28B5013200C5D2BB /* AppDelegate.swift in Sources */ = {isa = PBXBuildFile; fileRef = 1F7CB9FC28B5013200C5D2BB /* AppDelegate.swift */; };
		1F7CB9FF28B5013200C5D2BB /* SceneDelegate.swift in Sources */ = {isa = PBXBuildFile; fileRef = 1F7CB9FE28B5013200C5D2BB /* SceneDelegate.swift */; };
		1F7CBA0128B5013200C5D2BB /* ViewController.swift in Sources */ = {isa = PBXBuildFile; fileRef = 1F7CBA0028B5013200C5D2BB /* ViewController.swift */; };
		1F7CBA0428B5013200C5D2BB /* Main.storyboard in Resources */ = {isa = PBXBuildFile; fileRef = 1F7CBA0228B5013200C5D2BB /* Main.storyboard */; };
		1F7CBA0728B5013200C5D2BB /* ios_developer_uikit_project.xcdatamodeld in Sources */ = {isa = PBXBuildFile; fileRef = 1F7CBA0528B5013200C5D2BB /* ios_developer_uikit_project.xcdatamodeld */; };
		1F7CBA0928B5013300C5D2BB /* Assets.xcassets in Resources */ = {isa = PBXBuildFile; fileRef = 1F7CBA0828B5013300C5D2BB /* Assets.xcassets */; };
		1F7CBA0C28B5013300C5D2BB /* LaunchScreen.storyboard in Resources */ = {isa = PBXBuildFile; fileRef = 1F7CBA0A28B5013300C5D2BB /* LaunchScreen.storyboard */; };
		1F7CBA1728B5013300C5D2BB /* ios_developer_uikit_projectTests.swift in Sources */ = {isa = PBXBuildFile; fileRef = 1F7CBA1628B5013300C5D2BB /* ios_developer_uikit_projectTests.swift */; };
		1F7CBA2128B5013300C5D2BB /* ios_developer_uikit_projectUITests.swift in Sources */ = {isa = PBXBuildFile; fileRef = 1F7CBA2028B5013300C5D2BB /* ios_developer_uikit_projectUITests.swift */; };
		1F7CBA2328B5013300C5D2BB /* ios_developer_uikit_projectUITestsLaunchTests.swift in Sources */ = {isa = PBXBuildFile; fileRef = 1F7CBA2228B5013300C5D2BB /* ios_developer_uikit_projectUITestsLaunchTests.swift */; };
		1F7CBA3128B5017800C5D2BB /* ReminderListViewController.swift in Sources */ = {isa = PBXBuildFile; fileRef = 1F7CBA2F28B5017800C5D2BB /* ReminderListViewController.swift */; };
		1F7CBA3528B501C500C5D2BB /* Reminder.swift in Sources */ = {isa = PBXBuildFile; fileRef = 1F7CBA3428B501C500C5D2BB /* Reminder.swift */; };
/* End PBXBuildFile section */

/* Begin PBXContainerItemProxy section */
		1F7CBA1328B5013300C5D2BB /* PBXContainerItemProxy */ = {
			isa = PBXContainerItemProxy;
			containerPortal = 1F7CB9F128B5013200C5D2BB /* Project object */;
			proxyType = 1;
			remoteGlobalIDString = 1F7CB9F828B5013200C5D2BB;
			remoteInfo = "ios-developer-uikit-project";
		};
		1F7CBA1D28B5013300C5D2BB /* PBXContainerItemProxy */ = {
			isa = PBXContainerItemProxy;
			containerPortal = 1F7CB9F128B5013200C5D2BB /* Project object */;
			proxyType = 1;
			remoteGlobalIDString = 1F7CB9F828B5013200C5D2BB;
			remoteInfo = "ios-developer-uikit-project";
		};
/* End PBXContainerItemProxy section */

/* Begin PBXFileReference section */
		1F4090BF28B6566A003D6125 /* Day+TIme.swift */ = {isa = PBXFileReference; lastKnownFileType = sourcecode.swift; path = "Day+TIme.swift"; sourceTree = "<group>"; };
		1F4090C228B76005003D6125 /* ReminderListViewController+DataSource.swift */ = {isa = PBXFileReference; lastKnownFileType = sourcecode.swift; path = "ReminderListViewController+DataSource.swift"; sourceTree = "<group>"; };
		1F4090C628B8FDE8003D6125 /* ReminderListViewController+Actions.swift */ = {isa = PBXFileReference; lastKnownFileType = sourcecode.swift; path = "ReminderListViewController+Actions.swift"; sourceTree = "<group>"; };
		1F4090C828BCC495003D6125 /* ReminderDoneButton.swift */ = {isa = PBXFileReference; lastKnownFileType = sourcecode.swift; path = ReminderDoneButton.swift; sourceTree = "<group>"; };
		1F4090CB28BE094E003D6125 /* ReminderViewController.swift */ = {isa = PBXFileReference; lastKnownFileType = sourcecode.swift; path = ReminderViewController.swift; sourceTree = "<group>"; };
		1F4090CD28BE0FE7003D6125 /* ReminderViewController+Row.swift */ = {isa = PBXFileReference; lastKnownFileType = sourcecode.swift; path = "ReminderViewController+Row.swift"; sourceTree = "<group>"; };
		1F4090CF28BF64AE003D6125 /* ReminderViewController+Section.swift */ = {isa = PBXFileReference; lastKnownFileType = sourcecode.swift; path = "ReminderViewController+Section.swift"; sourceTree = "<group>"; };
		1F4090D128C09589003D6125 /* ReminderViewController+CellConfiguration.swift */ = {isa = PBXFileReference; lastKnownFileType = sourcecode.swift; path = "ReminderViewController+CellConfiguration.swift"; sourceTree = "<group>"; };
		1F4090D428C0AE53003D6125 /* UIKIT+PinnedSubview.swift */ = {isa = PBXFileReference; lastKnownFileType = sourcecode.swift; path = "UIKIT+PinnedSubview.swift"; sourceTree = "<group>"; };
		1F4090D628C0B168003D6125 /* TextFieldContentView.swift */ = {isa = PBXFileReference; lastKnownFileType = sourcecode.swift; path = TextFieldContentView.swift; sourceTree = "<group>"; };
		1F7CB9F928B5013200C5D2BB /* ios-developer-uikit-project.app */ = {isa = PBXFileReference; explicitFileType = wrapper.application; includeInIndex = 0; path = "ios-developer-uikit-project.app"; sourceTree = BUILT_PRODUCTS_DIR; };
		1F7CB9FC28B5013200C5D2BB /* AppDelegate.swift */ = {isa = PBXFileReference; lastKnownFileType = sourcecode.swift; path = AppDelegate.swift; sourceTree = "<group>"; };
		1F7CB9FE28B5013200C5D2BB /* SceneDelegate.swift */ = {isa = PBXFileReference; lastKnownFileType = sourcecode.swift; path = SceneDelegate.swift; sourceTree = "<group>"; };
		1F7CBA0028B5013200C5D2BB /* ViewController.swift */ = {isa = PBXFileReference; lastKnownFileType = sourcecode.swift; path = ViewController.swift; sourceTree = "<group>"; };
		1F7CBA0328B5013200C5D2BB /* Base */ = {isa = PBXFileReference; lastKnownFileType = file.storyboard; name = Base; path = Base.lproj/Main.storyboard; sourceTree = "<group>"; };
		1F7CBA0628B5013200C5D2BB /* ios_developer_uikit_project.xcdatamodel */ = {isa = PBXFileReference; lastKnownFileType = wrapper.xcdatamodel; path = ios_developer_uikit_project.xcdatamodel; sourceTree = "<group>"; };
		1F7CBA0828B5013300C5D2BB /* Assets.xcassets */ = {isa = PBXFileReference; lastKnownFileType = folder.assetcatalog; path = Assets.xcassets; sourceTree = "<group>"; };
		1F7CBA0B28B5013300C5D2BB /* Base */ = {isa = PBXFileReference; lastKnownFileType = file.storyboard; name = Base; path = Base.lproj/LaunchScreen.storyboard; sourceTree = "<group>"; };
		1F7CBA0D28B5013300C5D2BB /* Info.plist */ = {isa = PBXFileReference; lastKnownFileType = text.plist.xml; path = Info.plist; sourceTree = "<group>"; };
		1F7CBA1228B5013300C5D2BB /* ios-developer-uikit-projectTests.xctest */ = {isa = PBXFileReference; explicitFileType = wrapper.cfbundle; includeInIndex = 0; path = "ios-developer-uikit-projectTests.xctest"; sourceTree = BUILT_PRODUCTS_DIR; };
		1F7CBA1628B5013300C5D2BB /* ios_developer_uikit_projectTests.swift */ = {isa = PBXFileReference; lastKnownFileType = sourcecode.swift; path = ios_developer_uikit_projectTests.swift; sourceTree = "<group>"; };
		1F7CBA1C28B5013300C5D2BB /* ios-developer-uikit-projectUITests.xctest */ = {isa = PBXFileReference; explicitFileType = wrapper.cfbundle; includeInIndex = 0; path = "ios-developer-uikit-projectUITests.xctest"; sourceTree = BUILT_PRODUCTS_DIR; };
		1F7CBA2028B5013300C5D2BB /* ios_developer_uikit_projectUITests.swift */ = {isa = PBXFileReference; lastKnownFileType = sourcecode.swift; path = ios_developer_uikit_projectUITests.swift; sourceTree = "<group>"; };
		1F7CBA2228B5013300C5D2BB /* ios_developer_uikit_projectUITestsLaunchTests.swift */ = {isa = PBXFileReference; lastKnownFileType = sourcecode.swift; path = ios_developer_uikit_projectUITestsLaunchTests.swift; sourceTree = "<group>"; };
		1F7CBA2F28B5017800C5D2BB /* ReminderListViewController.swift */ = {isa = PBXFileReference; fileEncoding = 4; lastKnownFileType = sourcecode.swift; path = ReminderListViewController.swift; sourceTree = "<group>"; };
		1F7CBA3428B501C500C5D2BB /* Reminder.swift */ = {isa = PBXFileReference; lastKnownFileType = sourcecode.swift; path = Reminder.swift; sourceTree = "<group>"; };
/* End PBXFileReference section */

/* Begin PBXFrameworksBuildPhase section */
		1F7CB9F628B5013200C5D2BB /* Frameworks */ = {
			isa = PBXFrameworksBuildPhase;
			buildActionMask = 2147483647;
			files = (
			);
			runOnlyForDeploymentPostprocessing = 0;
		};
		1F7CBA0F28B5013300C5D2BB /* Frameworks */ = {
			isa = PBXFrameworksBuildPhase;
			buildActionMask = 2147483647;
			files = (
			);
			runOnlyForDeploymentPostprocessing = 0;
		};
		1F7CBA1928B5013300C5D2BB /* Frameworks */ = {
			isa = PBXFrameworksBuildPhase;
			buildActionMask = 2147483647;
			files = (
			);
			runOnlyForDeploymentPostprocessing = 0;
		};
/* End PBXFrameworksBuildPhase section */

/* Begin PBXGroup section */
		1F4090C128B75F99003D6125 /* ListViewController */ = {
			isa = PBXGroup;
			children = (
				1F4090C228B76005003D6125 /* ReminderListViewController+DataSource.swift */,
				1F4090C628B8FDE8003D6125 /* ReminderListViewController+Actions.swift */,
				1F4090C828BCC495003D6125 /* ReminderDoneButton.swift */,
			);
			path = ListViewController;
			sourceTree = "<group>";
		};
		1F4090CA28BE090E003D6125 /* DetailViewController */ = {
			isa = PBXGroup;
			children = (
				1F4090CB28BE094E003D6125 /* ReminderViewController.swift */,
				1F4090CD28BE0FE7003D6125 /* ReminderViewController+Row.swift */,
				1F4090CF28BF64AE003D6125 /* ReminderViewController+Section.swift */,
				1F4090D128C09589003D6125 /* ReminderViewController+CellConfiguration.swift */,
			);
			path = DetailViewController;
			sourceTree = "<group>";
		};
		1F4090D328C0AB98003D6125 /* ContentView */ = {
			isa = PBXGroup;
			children = (
				1F4090D428C0AE53003D6125 /* UIKIT+PinnedSubview.swift */,
				1F4090D628C0B168003D6125 /* TextFieldContentView.swift */,
			);
			path = ContentView;
			sourceTree = "<group>";
		};
		1F7CB9F028B5013200C5D2BB = {
			isa = PBXGroup;
			children = (
				1F7CB9FB28B5013200C5D2BB /* ios-developer-uikit-project */,
				1F7CBA1528B5013300C5D2BB /* ios-developer-uikit-projectTests */,
				1F7CBA1F28B5013300C5D2BB /* ios-developer-uikit-projectUITests */,
				1F7CB9FA28B5013200C5D2BB /* Products */,
			);
			sourceTree = "<group>";
		};
		1F7CB9FA28B5013200C5D2BB /* Products */ = {
			isa = PBXGroup;
			children = (
				1F7CB9F928B5013200C5D2BB /* ios-developer-uikit-project.app */,
				1F7CBA1228B5013300C5D2BB /* ios-developer-uikit-projectTests.xctest */,
				1F7CBA1C28B5013300C5D2BB /* ios-developer-uikit-projectUITests.xctest */,
			);
			name = Products;
			sourceTree = "<group>";
		};
		1F7CB9FB28B5013200C5D2BB /* ios-developer-uikit-project */ = {
			isa = PBXGroup;
			children = (
				1F4090D328C0AB98003D6125 /* ContentView */,
				1F4090CA28BE090E003D6125 /* DetailViewController */,
				1F7CBA3328B501B800C5D2BB /* Models */,
				1F7CBA2F28B5017800C5D2BB /* ReminderListViewController.swift */,
				1F4090C128B75F99003D6125 /* ListViewController */,
				1F7CB9FC28B5013200C5D2BB /* AppDelegate.swift */,
				1F7CB9FE28B5013200C5D2BB /* SceneDelegate.swift */,
				1F7CBA0028B5013200C5D2BB /* ViewController.swift */,
				1F7CBA0228B5013200C5D2BB /* Main.storyboard */,
				1F7CBA0828B5013300C5D2BB /* Assets.xcassets */,
				1F7CBA0A28B5013300C5D2BB /* LaunchScreen.storyboard */,
				1F7CBA0D28B5013300C5D2BB /* Info.plist */,
				1F7CBA0528B5013200C5D2BB /* ios_developer_uikit_project.xcdatamodeld */,
			);
			path = "ios-developer-uikit-project";
			sourceTree = "<group>";
		};
		1F7CBA1528B5013300C5D2BB /* ios-developer-uikit-projectTests */ = {
			isa = PBXGroup;
			children = (
				1F7CBA1628B5013300C5D2BB /* ios_developer_uikit_projectTests.swift */,
			);
			path = "ios-developer-uikit-projectTests";
			sourceTree = "<group>";
		};
		1F7CBA1F28B5013300C5D2BB /* ios-developer-uikit-projectUITests */ = {
			isa = PBXGroup;
			children = (
				1F7CBA2028B5013300C5D2BB /* ios_developer_uikit_projectUITests.swift */,
				1F7CBA2228B5013300C5D2BB /* ios_developer_uikit_projectUITestsLaunchTests.swift */,
			);
			path = "ios-developer-uikit-projectUITests";
			sourceTree = "<group>";
		};
		1F7CBA3328B501B800C5D2BB /* Models */ = {
			isa = PBXGroup;
			children = (
				1F7CBA3428B501C500C5D2BB /* Reminder.swift */,
				1F4090BF28B6566A003D6125 /* Day+TIme.swift */,
			);
			path = Models;
			sourceTree = "<group>";
		};
/* End PBXGroup section */

/* Begin PBXNativeTarget section */
		1F7CB9F828B5013200C5D2BB /* ios-developer-uikit-project */ = {
			isa = PBXNativeTarget;
			buildConfigurationList = 1F7CBA2628B5013300C5D2BB /* Build configuration list for PBXNativeTarget "ios-developer-uikit-project" */;
			buildPhases = (
				1F7CB9F528B5013200C5D2BB /* Sources */,
				1F7CB9F628B5013200C5D2BB /* Frameworks */,
				1F7CB9F728B5013200C5D2BB /* Resources */,
			);
			buildRules = (
			);
			dependencies = (
			);
			name = "ios-developer-uikit-project";
			productName = "ios-developer-uikit-project";
			productReference = 1F7CB9F928B5013200C5D2BB /* ios-developer-uikit-project.app */;
			productType = "com.apple.product-type.application";
		};
		1F7CBA1128B5013300C5D2BB /* ios-developer-uikit-projectTests */ = {
			isa = PBXNativeTarget;
			buildConfigurationList = 1F7CBA2928B5013300C5D2BB /* Build configuration list for PBXNativeTarget "ios-developer-uikit-projectTests" */;
			buildPhases = (
				1F7CBA0E28B5013300C5D2BB /* Sources */,
				1F7CBA0F28B5013300C5D2BB /* Frameworks */,
				1F7CBA1028B5013300C5D2BB /* Resources */,
			);
			buildRules = (
			);
			dependencies = (
				1F7CBA1428B5013300C5D2BB /* PBXTargetDependency */,
			);
			name = "ios-developer-uikit-projectTests";
			productName = "ios-developer-uikit-projectTests";
			productReference = 1F7CBA1228B5013300C5D2BB /* ios-developer-uikit-projectTests.xctest */;
			productType = "com.apple.product-type.bundle.unit-test";
		};
		1F7CBA1B28B5013300C5D2BB /* ios-developer-uikit-projectUITests */ = {
			isa = PBXNativeTarget;
			buildConfigurationList = 1F7CBA2C28B5013300C5D2BB /* Build configuration list for PBXNativeTarget "ios-developer-uikit-projectUITests" */;
			buildPhases = (
				1F7CBA1828B5013300C5D2BB /* Sources */,
				1F7CBA1928B5013300C5D2BB /* Frameworks */,
				1F7CBA1A28B5013300C5D2BB /* Resources */,
			);
			buildRules = (
			);
			dependencies = (
				1F7CBA1E28B5013300C5D2BB /* PBXTargetDependency */,
			);
			name = "ios-developer-uikit-projectUITests";
			productName = "ios-developer-uikit-projectUITests";
			productReference = 1F7CBA1C28B5013300C5D2BB /* ios-developer-uikit-projectUITests.xctest */;
			productType = "com.apple.product-type.bundle.ui-testing";
		};
/* End PBXNativeTarget section */

/* Begin PBXProject section */
		1F7CB9F128B5013200C5D2BB /* Project object */ = {
			isa = PBXProject;
			attributes = {
				BuildIndependentTargetsInParallel = 1;
				LastSwiftUpdateCheck = 1340;
				LastUpgradeCheck = 1340;
				TargetAttributes = {
					1F7CB9F828B5013200C5D2BB = {
						CreatedOnToolsVersion = 13.4.1;
					};
					1F7CBA1128B5013300C5D2BB = {
						CreatedOnToolsVersion = 13.4.1;
						TestTargetID = 1F7CB9F828B5013200C5D2BB;
					};
					1F7CBA1B28B5013300C5D2BB = {
						CreatedOnToolsVersion = 13.4.1;
						TestTargetID = 1F7CB9F828B5013200C5D2BB;
					};
				};
			};
			buildConfigurationList = 1F7CB9F428B5013200C5D2BB /* Build configuration list for PBXProject "ios-developer-uikit-project" */;
			compatibilityVersion = "Xcode 13.0";
			developmentRegion = en;
			hasScannedForEncodings = 0;
			knownRegions = (
				en,
				Base,
			);
			mainGroup = 1F7CB9F028B5013200C5D2BB;
			productRefGroup = 1F7CB9FA28B5013200C5D2BB /* Products */;
			projectDirPath = "";
			projectRoot = "";
			targets = (
				1F7CB9F828B5013200C5D2BB /* ios-developer-uikit-project */,
				1F7CBA1128B5013300C5D2BB /* ios-developer-uikit-projectTests */,
				1F7CBA1B28B5013300C5D2BB /* ios-developer-uikit-projectUITests */,
			);
		};
/* End PBXProject section */

/* Begin PBXResourcesBuildPhase section */
		1F7CB9F728B5013200C5D2BB /* Resources */ = {
			isa = PBXResourcesBuildPhase;
			buildActionMask = 2147483647;
			files = (
				1F7CBA0C28B5013300C5D2BB /* LaunchScreen.storyboard in Resources */,
				1F7CBA0928B5013300C5D2BB /* Assets.xcassets in Resources */,
				1F7CBA0428B5013200C5D2BB /* Main.storyboard in Resources */,
			);
			runOnlyForDeploymentPostprocessing = 0;
		};
		1F7CBA1028B5013300C5D2BB /* Resources */ = {
			isa = PBXResourcesBuildPhase;
			buildActionMask = 2147483647;
			files = (
			);
			runOnlyForDeploymentPostprocessing = 0;
		};
		1F7CBA1A28B5013300C5D2BB /* Resources */ = {
			isa = PBXResourcesBuildPhase;
			buildActionMask = 2147483647;
			files = (
			);
			runOnlyForDeploymentPostprocessing = 0;
		};
/* End PBXResourcesBuildPhase section */

/* Begin PBXSourcesBuildPhase section */
		1F7CB9F528B5013200C5D2BB /* Sources */ = {
			isa = PBXSourcesBuildPhase;
			buildActionMask = 2147483647;
			files = (
				1F7CBA0128B5013200C5D2BB /* ViewController.swift in Sources */,
				1F4090C928BCC495003D6125 /* ReminderDoneButton.swift in Sources */,
				1F4090CE28BE0FE7003D6125 /* ReminderViewController+Row.swift in Sources */,
				1F7CB9FD28B5013200C5D2BB /* AppDelegate.swift in Sources */,
				1F4090D728C0B168003D6125 /* TextFieldContentView.swift in Sources */,
				1F4090D028BF64AE003D6125 /* ReminderViewController+Section.swift in Sources */,
				1F4090C728B8FDE8003D6125 /* ReminderListViewController+Actions.swift in Sources */,
				1F7CB9FF28B5013200C5D2BB /* SceneDelegate.swift in Sources */,
				1F4090D228C09589003D6125 /* ReminderViewController+CellConfiguration.swift in Sources */,
				1F4090C028B6566A003D6125 /* Day+TIme.swift in Sources */,
				1F7CBA3528B501C500C5D2BB /* Reminder.swift in Sources */,
				1F4090C328B76005003D6125 /* ReminderListViewController+DataSource.swift in Sources */,
				1F4090CC28BE094E003D6125 /* ReminderViewController.swift in Sources */,
				1F7CBA3128B5017800C5D2BB /* ReminderListViewController.swift in Sources */,
				1F4090D528C0AE53003D6125 /* UIKIT+PinnedSubview.swift in Sources */,
				1F7CBA0728B5013200C5D2BB /* ios_developer_uikit_project.xcdatamodeld in Sources */,
			);
			runOnlyForDeploymentPostprocessing = 0;
		};
		1F7CBA0E28B5013300C5D2BB /* Sources */ = {
			isa = PBXSourcesBuildPhase;
			buildActionMask = 2147483647;
			files = (
				1F7CBA1728B5013300C5D2BB /* ios_developer_uikit_projectTests.swift in Sources */,
			);
			runOnlyForDeploymentPostprocessing = 0;
		};
		1F7CBA1828B5013300C5D2BB /* Sources */ = {
			isa = PBXSourcesBuildPhase;
			buildActionMask = 2147483647;
			files = (
				1F7CBA2328B5013300C5D2BB /* ios_developer_uikit_projectUITestsLaunchTests.swift in Sources */,
				1F7CBA2128B5013300C5D2BB /* ios_developer_uikit_projectUITests.swift in Sources */,
			);
			runOnlyForDeploymentPostprocessing = 0;
		};
/* End PBXSourcesBuildPhase section */

/* Begin PBXTargetDependency section */
		1F7CBA1428B5013300C5D2BB /* PBXTargetDependency */ = {
			isa = PBXTargetDependency;
			target = 1F7CB9F828B5013200C5D2BB /* ios-developer-uikit-project */;
			targetProxy = 1F7CBA1328B5013300C5D2BB /* PBXContainerItemProxy */;
		};
		1F7CBA1E28B5013300C5D2BB /* PBXTargetDependency */ = {
			isa = PBXTargetDependency;
			target = 1F7CB9F828B5013200C5D2BB /* ios-developer-uikit-project */;
			targetProxy = 1F7CBA1D28B5013300C5D2BB /* PBXContainerItemProxy */;
		};
/* End PBXTargetDependency section */

/* Begin PBXVariantGroup section */
		1F7CBA0228B5013200C5D2BB /* Main.storyboard */ = {
			isa = PBXVariantGroup;
			children = (
				1F7CBA0328B5013200C5D2BB /* Base */,
			);
			name = Main.storyboard;
			sourceTree = "<group>";
		};
		1F7CBA0A28B5013300C5D2BB /* LaunchScreen.storyboard */ = {
			isa = PBXVariantGroup;
			children = (
				1F7CBA0B28B5013300C5D2BB /* Base */,
			);
			name = LaunchScreen.storyboard;
			sourceTree = "<group>";
		};
/* End PBXVariantGroup section */

/* Begin XCBuildConfiguration section */
		1F7CBA2428B5013300C5D2BB /* Debug */ = {
			isa = XCBuildConfiguration;
			buildSettings = {
				ALWAYS_SEARCH_USER_PATHS = NO;
				CLANG_ANALYZER_NONNULL = YES;
				CLANG_ANALYZER_NUMBER_OBJECT_CONVERSION = YES_AGGRESSIVE;
				CLANG_CXX_LANGUAGE_STANDARD = "gnu++17";
				CLANG_ENABLE_MODULES = YES;
				CLANG_ENABLE_OBJC_ARC = YES;
				CLANG_ENABLE_OBJC_WEAK = YES;
				CLANG_WARN_BLOCK_CAPTURE_AUTORELEASING = YES;
				CLANG_WARN_BOOL_CONVERSION = YES;
				CLANG_WARN_COMMA = YES;
				CLANG_WARN_CONSTANT_CONVERSION = YES;
				CLANG_WARN_DEPRECATED_OBJC_IMPLEMENTATIONS = YES;
				CLANG_WARN_DIRECT_OBJC_ISA_USAGE = YES_ERROR;
				CLANG_WARN_DOCUMENTATION_COMMENTS = YES;
				CLANG_WARN_EMPTY_BODY = YES;
				CLANG_WARN_ENUM_CONVERSION = YES;
				CLANG_WARN_INFINITE_RECURSION = YES;
				CLANG_WARN_INT_CONVERSION = YES;
				CLANG_WARN_NON_LITERAL_NULL_CONVERSION = YES;
				CLANG_WARN_OBJC_IMPLICIT_RETAIN_SELF = YES;
				CLANG_WARN_OBJC_LITERAL_CONVERSION = YES;
				CLANG_WARN_OBJC_ROOT_CLASS = YES_ERROR;
				CLANG_WARN_QUOTED_INCLUDE_IN_FRAMEWORK_HEADER = YES;
				CLANG_WARN_RANGE_LOOP_ANALYSIS = YES;
				CLANG_WARN_STRICT_PROTOTYPES = YES;
				CLANG_WARN_SUSPICIOUS_MOVE = YES;
				CLANG_WARN_UNGUARDED_AVAILABILITY = YES_AGGRESSIVE;
				CLANG_WARN_UNREACHABLE_CODE = YES;
				CLANG_WARN__DUPLICATE_METHOD_MATCH = YES;
				COPY_PHASE_STRIP = NO;
				DEBUG_INFORMATION_FORMAT = dwarf;
				ENABLE_STRICT_OBJC_MSGSEND = YES;
				ENABLE_TESTABILITY = YES;
				GCC_C_LANGUAGE_STANDARD = gnu11;
				GCC_DYNAMIC_NO_PIC = NO;
				GCC_NO_COMMON_BLOCKS = YES;
				GCC_OPTIMIZATION_LEVEL = 0;
				GCC_PREPROCESSOR_DEFINITIONS = (
					"DEBUG=1",
					"$(inherited)",
				);
				GCC_WARN_64_TO_32_BIT_CONVERSION = YES;
				GCC_WARN_ABOUT_RETURN_TYPE = YES_ERROR;
				GCC_WARN_UNDECLARED_SELECTOR = YES;
				GCC_WARN_UNINITIALIZED_AUTOS = YES_AGGRESSIVE;
				GCC_WARN_UNUSED_FUNCTION = YES;
				GCC_WARN_UNUSED_VARIABLE = YES;
				IPHONEOS_DEPLOYMENT_TARGET = 15.5;
				MTL_ENABLE_DEBUG_INFO = INCLUDE_SOURCE;
				MTL_FAST_MATH = YES;
				ONLY_ACTIVE_ARCH = YES;
				SDKROOT = iphoneos;
				SWIFT_ACTIVE_COMPILATION_CONDITIONS = DEBUG;
				SWIFT_OPTIMIZATION_LEVEL = "-Onone";
			};
			name = Debug;
		};
		1F7CBA2528B5013300C5D2BB /* Release */ = {
			isa = XCBuildConfiguration;
			buildSettings = {
				ALWAYS_SEARCH_USER_PATHS = NO;
				CLANG_ANALYZER_NONNULL = YES;
				CLANG_ANALYZER_NUMBER_OBJECT_CONVERSION = YES_AGGRESSIVE;
				CLANG_CXX_LANGUAGE_STANDARD = "gnu++17";
				CLANG_ENABLE_MODULES = YES;
				CLANG_ENABLE_OBJC_ARC = YES;
				CLANG_ENABLE_OBJC_WEAK = YES;
				CLANG_WARN_BLOCK_CAPTURE_AUTORELEASING = YES;
				CLANG_WARN_BOOL_CONVERSION = YES;
				CLANG_WARN_COMMA = YES;
				CLANG_WARN_CONSTANT_CONVERSION = YES;
				CLANG_WARN_DEPRECATED_OBJC_IMPLEMENTATIONS = YES;
				CLANG_WARN_DIRECT_OBJC_ISA_USAGE = YES_ERROR;
				CLANG_WARN_DOCUMENTATION_COMMENTS = YES;
				CLANG_WARN_EMPTY_BODY = YES;
				CLANG_WARN_ENUM_CONVERSION = YES;
				CLANG_WARN_INFINITE_RECURSION = YES;
				CLANG_WARN_INT_CONVERSION = YES;
				CLANG_WARN_NON_LITERAL_NULL_CONVERSION = YES;
				CLANG_WARN_OBJC_IMPLICIT_RETAIN_SELF = YES;
				CLANG_WARN_OBJC_LITERAL_CONVERSION = YES;
				CLANG_WARN_OBJC_ROOT_CLASS = YES_ERROR;
				CLANG_WARN_QUOTED_INCLUDE_IN_FRAMEWORK_HEADER = YES;
				CLANG_WARN_RANGE_LOOP_ANALYSIS = YES;
				CLANG_WARN_STRICT_PROTOTYPES = YES;
				CLANG_WARN_SUSPICIOUS_MOVE = YES;
				CLANG_WARN_UNGUARDED_AVAILABILITY = YES_AGGRESSIVE;
				CLANG_WARN_UNREACHABLE_CODE = YES;
				CLANG_WARN__DUPLICATE_METHOD_MATCH = YES;
				COPY_PHASE_STRIP = NO;
				DEBUG_INFORMATION_FORMAT = "dwarf-with-dsym";
				ENABLE_NS_ASSERTIONS = NO;
				ENABLE_STRICT_OBJC_MSGSEND = YES;
				GCC_C_LANGUAGE_STANDARD = gnu11;
				GCC_NO_COMMON_BLOCKS = YES;
				GCC_WARN_64_TO_32_BIT_CONVERSION = YES;
				GCC_WARN_ABOUT_RETURN_TYPE = YES_ERROR;
				GCC_WARN_UNDECLARED_SELECTOR = YES;
				GCC_WARN_UNINITIALIZED_AUTOS = YES_AGGRESSIVE;
				GCC_WARN_UNUSED_FUNCTION = YES;
				GCC_WARN_UNUSED_VARIABLE = YES;
				IPHONEOS_DEPLOYMENT_TARGET = 15.5;
				MTL_ENABLE_DEBUG_INFO = NO;
				MTL_FAST_MATH = YES;
				SDKROOT = iphoneos;
				SWIFT_COMPILATION_MODE = wholemodule;
				SWIFT_OPTIMIZATION_LEVEL = "-O";
				VALIDATE_PRODUCT = YES;
			};
			name = Release;
		};
		1F7CBA2728B5013300C5D2BB /* Debug */ = {
			isa = XCBuildConfiguration;
			buildSettings = {
				ASSETCATALOG_COMPILER_APPICON_NAME = AppIcon;
				ASSETCATALOG_COMPILER_GLOBAL_ACCENT_COLOR_NAME = AccentColor;
				CODE_SIGN_STYLE = Automatic;
				CURRENT_PROJECT_VERSION = 1;
				GENERATE_INFOPLIST_FILE = YES;
				INFOPLIST_FILE = "ios-developer-uikit-project/Info.plist";
				INFOPLIST_KEY_UIApplicationSupportsIndirectInputEvents = YES;
				INFOPLIST_KEY_UILaunchStoryboardName = LaunchScreen;
				INFOPLIST_KEY_UIMainStoryboardFile = Main;
				INFOPLIST_KEY_UISupportedInterfaceOrientations_iPad = "UIInterfaceOrientationPortrait UIInterfaceOrientationPortraitUpsideDown UIInterfaceOrientationLandscapeLeft UIInterfaceOrientationLandscapeRight";
				INFOPLIST_KEY_UISupportedInterfaceOrientations_iPhone = "UIInterfaceOrientationPortrait UIInterfaceOrientationLandscapeLeft UIInterfaceOrientationLandscapeRight";
				LD_RUNPATH_SEARCH_PATHS = (
					"$(inherited)",
					"@executable_path/Frameworks",
				);
				MARKETING_VERSION = 1.0;
				PRODUCT_BUNDLE_IDENTIFIER = "Farrukh.ios-developer-uikit-project";
				PRODUCT_NAME = "$(TARGET_NAME)";
				SWIFT_EMIT_LOC_STRINGS = YES;
				SWIFT_VERSION = 5.0;
				TARGETED_DEVICE_FAMILY = "1,2";
			};
			name = Debug;
		};
		1F7CBA2828B5013300C5D2BB /* Release */ = {
			isa = XCBuildConfiguration;
			buildSettings = {
				ASSETCATALOG_COMPILER_APPICON_NAME = AppIcon;
				ASSETCATALOG_COMPILER_GLOBAL_ACCENT_COLOR_NAME = AccentColor;
				CODE_SIGN_STYLE = Automatic;
				CURRENT_PROJECT_VERSION = 1;
				GENERATE_INFOPLIST_FILE = YES;
				INFOPLIST_FILE = "ios-developer-uikit-project/Info.plist";
				INFOPLIST_KEY_UIApplicationSupportsIndirectInputEvents = YES;
				INFOPLIST_KEY_UILaunchStoryboardName = LaunchScreen;
				INFOPLIST_KEY_UIMainStoryboardFile = Main;
				INFOPLIST_KEY_UISupportedInterfaceOrientations_iPad = "UIInterfaceOrientationPortrait UIInterfaceOrientationPortraitUpsideDown UIInterfaceOrientationLandscapeLeft UIInterfaceOrientationLandscapeRight";
				INFOPLIST_KEY_UISupportedInterfaceOrientations_iPhone = "UIInterfaceOrientationPortrait UIInterfaceOrientationLandscapeLeft UIInterfaceOrientationLandscapeRight";
				LD_RUNPATH_SEARCH_PATHS = (
					"$(inherited)",
					"@executable_path/Frameworks",
				);
				MARKETING_VERSION = 1.0;
				PRODUCT_BUNDLE_IDENTIFIER = "Farrukh.ios-developer-uikit-project";
				PRODUCT_NAME = "$(TARGET_NAME)";
				SWIFT_EMIT_LOC_STRINGS = YES;
				SWIFT_VERSION = 5.0;
				TARGETED_DEVICE_FAMILY = "1,2";
			};
			name = Release;
		};
		1F7CBA2A28B5013300C5D2BB /* Debug */ = {
			isa = XCBuildConfiguration;
			buildSettings = {
				ALWAYS_EMBED_SWIFT_STANDARD_LIBRARIES = YES;
				BUNDLE_LOADER = "$(TEST_HOST)";
				CODE_SIGN_STYLE = Automatic;
				CURRENT_PROJECT_VERSION = 1;
				GENERATE_INFOPLIST_FILE = YES;
				IPHONEOS_DEPLOYMENT_TARGET = 15.5;
				MARKETING_VERSION = 1.0;
				PRODUCT_BUNDLE_IDENTIFIER = "Farrukh.ios-developer-uikit-projectTests";
				PRODUCT_NAME = "$(TARGET_NAME)";
				SWIFT_EMIT_LOC_STRINGS = NO;
				SWIFT_VERSION = 5.0;
				TARGETED_DEVICE_FAMILY = "1,2";
				TEST_HOST = "$(BUILT_PRODUCTS_DIR)/ios-developer-uikit-project.app/ios-developer-uikit-project";
			};
			name = Debug;
		};
		1F7CBA2B28B5013300C5D2BB /* Release */ = {
			isa = XCBuildConfiguration;
			buildSettings = {
				ALWAYS_EMBED_SWIFT_STANDARD_LIBRARIES = YES;
				BUNDLE_LOADER = "$(TEST_HOST)";
				CODE_SIGN_STYLE = Automatic;
				CURRENT_PROJECT_VERSION = 1;
				GENERATE_INFOPLIST_FILE = YES;
				IPHONEOS_DEPLOYMENT_TARGET = 15.5;
				MARKETING_VERSION = 1.0;
				PRODUCT_BUNDLE_IDENTIFIER = "Farrukh.ios-developer-uikit-projectTests";
				PRODUCT_NAME = "$(TARGET_NAME)";
				SWIFT_EMIT_LOC_STRINGS = NO;
				SWIFT_VERSION = 5.0;
				TARGETED_DEVICE_FAMILY = "1,2";
				TEST_HOST = "$(BUILT_PRODUCTS_DIR)/ios-developer-uikit-project.app/ios-developer-uikit-project";
			};
			name = Release;
		};
		1F7CBA2D28B5013300C5D2BB /* Debug */ = {
			isa = XCBuildConfiguration;
			buildSettings = {
				ALWAYS_EMBED_SWIFT_STANDARD_LIBRARIES = YES;
				CODE_SIGN_STYLE = Automatic;
				CURRENT_PROJECT_VERSION = 1;
				GENERATE_INFOPLIST_FILE = YES;
				MARKETING_VERSION = 1.0;
				PRODUCT_BUNDLE_IDENTIFIER = "Farrukh.ios-developer-uikit-projectUITests";
				PRODUCT_NAME = "$(TARGET_NAME)";
				SWIFT_EMIT_LOC_STRINGS = NO;
				SWIFT_VERSION = 5.0;
				TARGETED_DEVICE_FAMILY = "1,2";
				TEST_TARGET_NAME = "ios-developer-uikit-project";
			};
			name = Debug;
		};
		1F7CBA2E28B5013300C5D2BB /* Release */ = {
			isa = XCBuildConfiguration;
			buildSettings = {
				ALWAYS_EMBED_SWIFT_STANDARD_LIBRARIES = YES;
				CODE_SIGN_STYLE = Automatic;
				CURRENT_PROJECT_VERSION = 1;
				GENERATE_INFOPLIST_FILE = YES;
				MARKETING_VERSION = 1.0;
				PRODUCT_BUNDLE_IDENTIFIER = "Farrukh.ios-developer-uikit-projectUITests";
				PRODUCT_NAME = "$(TARGET_NAME)";
				SWIFT_EMIT_LOC_STRINGS = NO;
				SWIFT_VERSION = 5.0;
				TARGETED_DEVICE_FAMILY = "1,2";
				TEST_TARGET_NAME = "ios-developer-uikit-project";
			};
			name = Release;
		};
/* End XCBuildConfiguration section */

/* Begin XCConfigurationList section */
		1F7CB9F428B5013200C5D2BB /* Build configuration list for PBXProject "ios-developer-uikit-project" */ = {
			isa = XCConfigurationList;
			buildConfigurations = (
				1F7CBA2428B5013300C5D2BB /* Debug */,
				1F7CBA2528B5013300C5D2BB /* Release */,
			);
			defaultConfigurationIsVisible = 0;
			defaultConfigurationName = Release;
		};
		1F7CBA2628B5013300C5D2BB /* Build configuration list for PBXNativeTarget "ios-developer-uikit-project" */ = {
			isa = XCConfigurationList;
			buildConfigurations = (
				1F7CBA2728B5013300C5D2BB /* Debug */,
				1F7CBA2828B5013300C5D2BB /* Release */,
			);
			defaultConfigurationIsVisible = 0;
			defaultConfigurationName = Release;
		};
		1F7CBA2928B5013300C5D2BB /* Build configuration list for PBXNativeTarget "ios-developer-uikit-projectTests" */ = {
			isa = XCConfigurationList;
			buildConfigurations = (
				1F7CBA2A28B5013300C5D2BB /* Debug */,
				1F7CBA2B28B5013300C5D2BB /* Release */,
			);
			defaultConfigurationIsVisible = 0;
			defaultConfigurationName = Release;
		};
		1F7CBA2C28B5013300C5D2BB /* Build configuration list for PBXNativeTarget "ios-developer-uikit-projectUITests" */ = {
			isa = XCConfigurationList;
			buildConfigurations = (
				1F7CBA2D28B5013300C5D2BB /* Debug */,
				1F7CBA2E28B5013300C5D2BB /* Release */,
			);
			defaultConfigurationIsVisible = 0;
			defaultConfigurationName = Release;
		};
/* End XCConfigurationList section */

/* Begin XCVersionGroup section */
		1F7CBA0528B5013200C5D2BB /* ios_developer_uikit_project.xcdatamodeld */ = {
			isa = XCVersionGroup;
			children = (
				1F7CBA0628B5013200C5D2BB /* ios_developer_uikit_project.xcdatamodel */,
			);
			currentVersion = 1F7CBA0628B5013200C5D2BB /* ios_developer_uikit_project.xcdatamodel */;
			path = ios_developer_uikit_project.xcdatamodeld;
			sourceTree = "<group>";
			versionGroupType = wrapper.xcdatamodel;
		};
/* End XCVersionGroup section */
	};
	rootObject = 1F7CB9F128B5013200C5D2BB /* Project object */;
}
